
Microsoft Visual Studio Solution File, Format Version 12.00
# Visual Studio 15
VisualStudioVersion = 15.0.26124.0
MinimumVisualStudioVersion = 15.0.26124.0
Project("{9A19103F-16F7-4668-BE54-9A1E7A4F7556}") = "R5T.NetStandard.IO.Construction", "R5T.NetStandard.IO.Construction\R5T.NetStandard.IO.Construction.csproj", "{7E0B514A-DF33-4F63-8A20-1968D38E6CD5}"
EndProject
Project("{9A19103F-16F7-4668-BE54-9A1E7A4F7556}") = "R5T.NetStandard.IO", "R5T.NetStandard.IO\R5T.NetStandard.IO.csproj", "{574CA541-6651-4904-B691-484EB478DEFD}"
EndProject
Project("{9A19103F-16F7-4668-BE54-9A1E7A4F7556}") = "R5T.NetStandard.IO.Types", "..\..\R5T.NetStandard.IO.Types\source\R5T.NetStandard.IO.Types\R5T.NetStandard.IO.Types.csproj", "{FCD5A27B-AB4B-4F94-8CE9-85D3CC4FF1E6}"
EndProject
Project("{9A19103F-16F7-4668-BE54-9A1E7A4F7556}") = "R5T.NetStandard.IO.Serialization", "..\..\R5T.NetStandard.IO.Serialization\source\R5T.NetStandard.IO.Serialization\R5T.NetStandard.IO.Serialization.csproj", "{205FB3FC-E4E1-47C7-80FF-C8D54149000A}"
EndProject
Project("{9A19103F-16F7-4668-BE54-9A1E7A4F7556}") = "R5T.NetStandard.IO.Paths", "..\..\R5T.NetStandard.IO.Paths\source\R5T.NetStandard.IO.Paths\R5T.NetStandard.IO.Paths.csproj", "{62731D9F-D042-4CCA-A360-C75527C0A4B9}"
EndProject
Project("{9A19103F-16F7-4668-BE54-9A1E7A4F7556}") = "R5T.NetStandard.Types", "..\..\R5T.NetStandard.Types\source\R5T.NetStandard.Types\R5T.NetStandard.Types.csproj", "{5B0DF455-B9EC-4FC7-A535-2E214F6DD774}"
EndProject
Project("{9A19103F-16F7-4668-BE54-9A1E7A4F7556}") = "R5T.NetStandard.Extensions", "..\..\R5T.NetStandard.Extensions\source\R5T.NetStandard.Extensions\R5T.NetStandard.Extensions.csproj", "{4054108F-2A8B-4C50-9D0A-AB7B1EE75EE9}"
EndProject
Project("{9A19103F-16F7-4668-BE54-9A1E7A4F7556}") = "R5T.NetStandard.OS", "..\..\R5T.NetStandard.OS\source\R5T.NetStandard.OS\R5T.NetStandard.OS.csproj", "{8D843038-E276-41C4-A0A8-1C9D71765A35}"
EndProject
Global
	GlobalSection(SolutionConfigurationPlatforms) = preSolution
		Debug|Any CPU = Debug|Any CPU
		Debug|x64 = Debug|x64
		Debug|x86 = Debug|x86
		Release|Any CPU = Release|Any CPU
		Release|x64 = Release|x64
		Release|x86 = Release|x86
	EndGlobalSection
	GlobalSection(ProjectConfigurationPlatforms) = postSolution
		{7E0B514A-DF33-4F63-8A20-1968D38E6CD5}.Debug|Any CPU.ActiveCfg = Debug|Any CPU
		{7E0B514A-DF33-4F63-8A20-1968D38E6CD5}.Debug|Any CPU.Build.0 = Debug|Any CPU
		{7E0B514A-DF33-4F63-8A20-1968D38E6CD5}.Debug|x64.ActiveCfg = Debug|Any CPU
		{7E0B514A-DF33-4F63-8A20-1968D38E6CD5}.Debug|x64.Build.0 = Debug|Any CPU
		{7E0B514A-DF33-4F63-8A20-1968D38E6CD5}.Debug|x86.ActiveCfg = Debug|Any CPU
		{7E0B514A-DF33-4F63-8A20-1968D38E6CD5}.Debug|x86.Build.0 = Debug|Any CPU
		{7E0B514A-DF33-4F63-8A20-1968D38E6CD5}.Release|Any CPU.ActiveCfg = Release|Any CPU
		{7E0B514A-DF33-4F63-8A20-1968D38E6CD5}.Release|Any CPU.Build.0 = Release|Any CPU
		{7E0B514A-DF33-4F63-8A20-1968D38E6CD5}.Release|x64.ActiveCfg = Release|Any CPU
		{7E0B514A-DF33-4F63-8A20-1968D38E6CD5}.Release|x64.Build.0 = Release|Any CPU
		{7E0B514A-DF33-4F63-8A20-1968D38E6CD5}.Release|x86.ActiveCfg = Release|Any CPU
		{7E0B514A-DF33-4F63-8A20-1968D38E6CD5}.Release|x86.Build.0 = Release|Any CPU
		{574CA541-6651-4904-B691-484EB478DEFD}.Debug|Any CPU.ActiveCfg = Debug|Any CPU
		{574CA541-6651-4904-B691-484EB478DEFD}.Debug|Any CPU.Build.0 = Debug|Any CPU
		{574CA541-6651-4904-B691-484EB478DEFD}.Debug|x64.ActiveCfg = Debug|Any CPU
		{574CA541-6651-4904-B691-484EB478DEFD}.Debug|x64.Build.0 = Debug|Any CPU
		{574CA541-6651-4904-B691-484EB478DEFD}.Debug|x86.ActiveCfg = Debug|Any CPU
		{574CA541-6651-4904-B691-484EB478DEFD}.Debug|x86.Build.0 = Debug|Any CPU
		{574CA541-6651-4904-B691-484EB478DEFD}.Release|Any CPU.ActiveCfg = Release|Any CPU
		{574CA541-6651-4904-B691-484EB478DEFD}.Release|Any CPU.Build.0 = Release|Any CPU
		{574CA541-6651-4904-B691-484EB478DEFD}.Release|x64.ActiveCfg = Release|Any CPU
		{574CA541-6651-4904-B691-484EB478DEFD}.Release|x64.Build.0 = Release|Any CPU
		{574CA541-6651-4904-B691-484EB478DEFD}.Release|x86.ActiveCfg = Release|Any CPU
		{574CA541-6651-4904-B691-484EB478DEFD}.Release|x86.Build.0 = Release|Any CPU
		{FCD5A27B-AB4B-4F94-8CE9-85D3CC4FF1E6}.Debug|Any CPU.ActiveCfg = Debug|Any CPU
		{FCD5A27B-AB4B-4F94-8CE9-85D3CC4FF1E6}.Debug|Any CPU.Build.0 = Debug|Any CPU
		{FCD5A27B-AB4B-4F94-8CE9-85D3CC4FF1E6}.Debug|x64.ActiveCfg = Debug|Any CPU
		{FCD5A27B-AB4B-4F94-8CE9-85D3CC4FF1E6}.Debug|x64.Build.0 = Debug|Any CPU
		{FCD5A27B-AB4B-4F94-8CE9-85D3CC4FF1E6}.Debug|x86.ActiveCfg = Debug|Any CPU
		{FCD5A27B-AB4B-4F94-8CE9-85D3CC4FF1E6}.Debug|x86.Build.0 = Debug|Any CPU
		{FCD5A27B-AB4B-4F94-8CE9-85D3CC4FF1E6}.Release|Any CPU.ActiveCfg = Release|Any CPU
		{FCD5A27B-AB4B-4F94-8CE9-85D3CC4FF1E6}.Release|Any CPU.Build.0 = Release|Any CPU
		{FCD5A27B-AB4B-4F94-8CE9-85D3CC4FF1E6}.Release|x64.ActiveCfg = Release|Any CPU
		{FCD5A27B-AB4B-4F94-8CE9-85D3CC4FF1E6}.Release|x64.Build.0 = Release|Any CPU
		{FCD5A27B-AB4B-4F94-8CE9-85D3CC4FF1E6}.Release|x86.ActiveCfg = Release|Any CPU
		{FCD5A27B-AB4B-4F94-8CE9-85D3CC4FF1E6}.Release|x86.Build.0 = Release|Any CPU
		{205FB3FC-E4E1-47C7-80FF-C8D54149000A}.Debug|Any CPU.ActiveCfg = Debug|Any CPU
		{205FB3FC-E4E1-47C7-80FF-C8D54149000A}.Debug|Any CPU.Build.0 = Debug|Any CPU
		{205FB3FC-E4E1-47C7-80FF-C8D54149000A}.Debug|x64.ActiveCfg = Debug|Any CPU
		{205FB3FC-E4E1-47C7-80FF-C8D54149000A}.Debug|x64.Build.0 = Debug|Any CPU
		{205FB3FC-E4E1-47C7-80FF-C8D54149000A}.Debug|x86.ActiveCfg = Debug|Any CPU
		{205FB3FC-E4E1-47C7-80FF-C8D54149000A}.Debug|x86.Build.0 = Debug|Any CPU
		{205FB3FC-E4E1-47C7-80FF-C8D54149000A}.Release|Any CPU.ActiveCfg = Release|Any CPU
		{205FB3FC-E4E1-47C7-80FF-C8D54149000A}.Release|Any CPU.Build.0 = Release|Any CPU
		{205FB3FC-E4E1-47C7-80FF-C8D54149000A}.Release|x64.ActiveCfg = Release|Any CPU
		{205FB3FC-E4E1-47C7-80FF-C8D54149000A}.Release|x64.Build.0 = Release|Any CPU
		{205FB3FC-E4E1-47C7-80FF-C8D54149000A}.Release|x86.ActiveCfg = Release|Any CPU
		{205FB3FC-E4E1-47C7-80FF-C8D54149000A}.Release|x86.Build.0 = Release|Any CPU
		{62731D9F-D042-4CCA-A360-C75527C0A4B9}.Debug|Any CPU.ActiveCfg = Debug|Any CPU
		{62731D9F-D042-4CCA-A360-C75527C0A4B9}.Debug|Any CPU.Build.0 = Debug|Any CPU
		{62731D9F-D042-4CCA-A360-C75527C0A4B9}.Debug|x64.ActiveCfg = Debug|Any CPU
		{62731D9F-D042-4CCA-A360-C75527C0A4B9}.Debug|x64.Build.0 = Debug|Any CPU
		{62731D9F-D042-4CCA-A360-C75527C0A4B9}.Debug|x86.ActiveCfg = Debug|Any CPU
		{62731D9F-D042-4CCA-A360-C75527C0A4B9}.Debug|x86.Build.0 = Debug|Any CPU
		{62731D9F-D042-4CCA-A360-C75527C0A4B9}.Release|Any CPU.ActiveCfg = Release|Any CPU
		{62731D9F-D042-4CCA-A360-C75527C0A4B9}.Release|Any CPU.Build.0 = Release|Any CPU
		{62731D9F-D042-4CCA-A360-C75527C0A4B9}.Release|x64.ActiveCfg = Release|Any CPU
		{62731D9F-D042-4CCA-A360-C75527C0A4B9}.Release|x64.Build.0 = Release|Any CPU
		{62731D9F-D042-4CCA-A360-C75527C0A4B9}.Release|x86.ActiveCfg = Release|Any CPU
		{62731D9F-D042-4CCA-A360-C75527C0A4B9}.Release|x86.Build.0 = Release|Any CPU
		{5B0DF455-B9EC-4FC7-A535-2E214F6DD774}.Debug|Any CPU.ActiveCfg = Debug|Any CPU
		{5B0DF455-B9EC-4FC7-A535-2E214F6DD774}.Debug|Any CPU.Build.0 = Debug|Any CPU
		{5B0DF455-B9EC-4FC7-A535-2E214F6DD774}.Debug|x64.ActiveCfg = Debug|Any CPU
		{5B0DF455-B9EC-4FC7-A535-2E214F6DD774}.Debug|x64.Build.0 = Debug|Any CPU
		{5B0DF455-B9EC-4FC7-A535-2E214F6DD774}.Debug|x86.ActiveCfg = Debug|Any CPU
		{5B0DF455-B9EC-4FC7-A535-2E214F6DD774}.Debug|x86.Build.0 = Debug|Any CPU
		{5B0DF455-B9EC-4FC7-A535-2E214F6DD774}.Release|Any CPU.ActiveCfg = Release|Any CPU
		{5B0DF455-B9EC-4FC7-A535-2E214F6DD774}.Release|Any CPU.Build.0 = Release|Any CPU
		{5B0DF455-B9EC-4FC7-A535-2E214F6DD774}.Release|x64.ActiveCfg = Release|Any CPU
		{5B0DF455-B9EC-4FC7-A535-2E214F6DD774}.Release|x64.Build.0 = Release|Any CPU
		{5B0DF455-B9EC-4FC7-A535-2E214F6DD774}.Release|x86.ActiveCfg = Release|Any CPU
		{5B0DF455-B9EC-4FC7-A535-2E214F6DD774}.Release|x86.Build.0 = Release|Any CPU
		{4054108F-2A8B-4C50-9D0A-AB7B1EE75EE9}.Debug|Any CPU.ActiveCfg = Debug|Any CPU
		{4054108F-2A8B-4C50-9D0A-AB7B1EE75EE9}.Debug|Any CPU.Build.0 = Debug|Any CPU
		{4054108F-2A8B-4C50-9D0A-AB7B1EE75EE9}.Debug|x64.ActiveCfg = Debug|Any CPU
		{4054108F-2A8B-4C50-9D0A-AB7B1EE75EE9}.Debug|x64.Build.0 = Debug|Any CPU
		{4054108F-2A8B-4C50-9D0A-AB7B1EE75EE9}.Debug|x86.ActiveCfg = Debug|Any CPU
		{4054108F-2A8B-4C50-9D0A-AB7B1EE75EE9}.Debug|x86.Build.0 = Debug|Any CPU
		{4054108F-2A8B-4C50-9D0A-AB7B1EE75EE9}.Release|Any CPU.ActiveCfg = Release|Any CPU
		{4054108F-2A8B-4C50-9D0A-AB7B1EE75EE9}.Release|Any CPU.Build.0 = Release|Any CPU
		{4054108F-2A8B-4C50-9D0A-AB7B1EE75EE9}.Release|x64.ActiveCfg = Release|Any CPU
		{4054108F-2A8B-4C50-9D0A-AB7B1EE75EE9}.Release|x64.Build.0 = Release|Any CPU
		{4054108F-2A8B-4C50-9D0A-AB7B1EE75EE9}.Release|x86.ActiveCfg = Release|Any CPU
		{4054108F-2A8B-4C50-9D0A-AB7B1EE75EE9}.Release|x86.Build.0 = Release|Any CPU
		{8D843038-E276-41C4-A0A8-1C9D71765A35}.Debug|Any CPU.ActiveCfg = Debug|Any CPU
		{8D843038-E276-41C4-A0A8-1C9D71765A35}.Debug|Any CPU.Build.0 = Debug|Any CPU
		{8D843038-E276-41C4-A0A8-1C9D71765A35}.Debug|x64.ActiveCfg = Debug|Any CPU
		{8D843038-E276-41C4-A0A8-1C9D71765A35}.Debug|x64.Build.0 = Debug|Any CPU
		{8D843038-E276-41C4-A0A8-1C9D71765A35}.Debug|x86.ActiveCfg = Debug|Any CPU
		{8D843038-E276-41C4-A0A8-1C9D71765A35}.Debug|x86.Build.0 = Debug|Any CPU
		{8D843038-E276-41C4-A0A8-1C9D71765A35}.Release|Any CPU.ActiveCfg = Release|Any CPU
		{8D843038-E276-41C4-A0A8-1C9D71765A35}.Release|Any CPU.Build.0 = Release|Any CPU
		{8D843038-E276-41C4-A0A8-1C9D71765A35}.Release|x64.ActiveCfg = Release|Any CPU
		{8D843038-E276-41C4-A0A8-1C9D71765A35}.Release|x64.Build.0 = Release|Any CPU
		{8D843038-E276-41C4-A0A8-1C9D71765A35}.Release|x86.ActiveCfg = Release|Any CPU
		{8D843038-E276-41C4-A0A8-1C9D71765A35}.Release|x86.Build.0 = Release|Any CPU
	EndGlobalSection
	GlobalSection(SolutionProperties) = preSolution
		HideSolutionNode = FALSE
	EndGlobalSection
	GlobalSection(ExtensibilityGlobals) = postSolution
		SolutionGuid = {E5952296-0DDF-4304-B135-1AD974BEC5B4}
	EndGlobalSection
EndGlobal
