
Microsoft Visual Studio Solution File, Format Version 12.00
# Visual Studio 15
VisualStudioVersion = 15.0.26124.0
MinimumVisualStudioVersion = 15.0.26124.0
Project("{9A19103F-16F7-4668-BE54-9A1E7A4F7556}") = "R5T.NetStandard.IO.Construction", "R5T.NetStandard.IO.Construction\R5T.NetStandard.IO.Construction.csproj", "{7E0B514A-DF33-4F63-8A20-1968D38E6CD5}"
EndProject
Project("{9A19103F-16F7-4668-BE54-9A1E7A4F7556}") = "R5T.NetStandard.IO", "R5T.NetStandard.IO\R5T.NetStandard.IO.csproj", "{574CA541-6651-4904-B691-484EB478DEFD}"
EndProject
Project("{9A19103F-16F7-4668-BE54-9A1E7A4F7556}") = "R5T.NetStandard.IO.Paths", "..\..\R5T.NetStandard.IO.Paths\source\R5T.NetStandard.IO.Paths\R5T.NetStandard.IO.Paths.csproj", "{62731D9F-D042-4CCA-A360-C75527C0A4B9}"
EndProject
Project("{9A19103F-16F7-4668-BE54-9A1E7A4F7556}") = "R5T.NetStandard.Types", "..\..\R5T.NetStandard.Types\source\R5T.NetStandard.Types\R5T.NetStandard.Types.csproj", "{5B0DF455-B9EC-4FC7-A535-2E214F6DD774}"
EndProject
Project("{9A19103F-16F7-4668-BE54-9A1E7A4F7556}") = "R5T.NetStandard.OS", "..\..\R5T.NetStandard.OS\source\R5T.NetStandard.OS\R5T.NetStandard.OS.csproj", "{8D843038-E276-41C4-A0A8-1C9D71765A35}"
EndProject
Project("{2150E333-8FDC-42A3-9474-1A3956D46DE8}") = "_Dependencies", "_Dependencies", "{25F6F9E9-B27E-4F42-8CD5-1208AC56F3A8}"
EndProject
Project("{9A19103F-16F7-4668-BE54-9A1E7A4F7556}") = "R5T.NetStandard.OS.Types", "..\..\R5T.NetStandard.OS.Types\source\R5T.NetStandard.OS.Types\R5T.NetStandard.OS.Types.csproj", "{3628DD95-44FE-42F9-BEFB-BBFECE16B17D}"
EndProject
Project("{9A19103F-16F7-4668-BE54-9A1E7A4F7556}") = "R5T.NetStandard.TypedString", "..\..\R5T.NetStandard.TypedString\source\R5T.NetStandard.TypedString\R5T.NetStandard.TypedString.csproj", "{3FC71F01-135C-43FE-AF7D-9BA8F67A6B0E}"
EndProject
Project("{9A19103F-16F7-4668-BE54-9A1E7A4F7556}") = "R5T.NetStandard.IO.Paths.Types", "..\..\R5T.NetStandard.IO.Paths.Types\source\R5T.NetStandard.IO.Paths.Types\R5T.NetStandard.IO.Paths.Types.csproj", "{4D1FECCA-CD8B-4CA5-A5E5-A44048B4F658}"
EndProject
Project("{9A19103F-16F7-4668-BE54-9A1E7A4F7556}") = "R5T.NetStandard.IO.Types", "..\..\R5T.NetStandard.IO.Types\source\R5T.NetStandard.IO.Types\R5T.NetStandard.IO.Types.csproj", "{4838E037-13A4-459D-B5D1-ADC3E8F3A3ED}"
EndProject
Global
	GlobalSection(SolutionConfigurationPlatforms) = preSolution
		Debug|Any CPU = Debug|Any CPU
		Debug|x64 = Debug|x64
		Debug|x86 = Debug|x86
		Release|Any CPU = Release|Any CPU
		Release|x64 = Release|x64
		Release|x86 = Release|x86
	EndGlobalSection
	GlobalSection(ProjectConfigurationPlatforms) = postSolution
		{7E0B514A-DF33-4F63-8A20-1968D38E6CD5}.Debug|Any CPU.ActiveCfg = Debug|Any CPU
		{7E0B514A-DF33-4F63-8A20-1968D38E6CD5}.Debug|Any CPU.Build.0 = Debug|Any CPU
		{7E0B514A-DF33-4F63-8A20-1968D38E6CD5}.Debug|x64.ActiveCfg = Debug|Any CPU
		{7E0B514A-DF33-4F63-8A20-1968D38E6CD5}.Debug|x64.Build.0 = Debug|Any CPU
		{7E0B514A-DF33-4F63-8A20-1968D38E6CD5}.Debug|x86.ActiveCfg = Debug|Any CPU
		{7E0B514A-DF33-4F63-8A20-1968D38E6CD5}.Debug|x86.Build.0 = Debug|Any CPU
		{7E0B514A-DF33-4F63-8A20-1968D38E6CD5}.Release|Any CPU.ActiveCfg = Release|Any CPU
		{7E0B514A-DF33-4F63-8A20-1968D38E6CD5}.Release|Any CPU.Build.0 = Release|Any CPU
		{7E0B514A-DF33-4F63-8A20-1968D38E6CD5}.Release|x64.ActiveCfg = Release|Any CPU
		{7E0B514A-DF33-4F63-8A20-1968D38E6CD5}.Release|x64.Build.0 = Release|Any CPU
		{7E0B514A-DF33-4F63-8A20-1968D38E6CD5}.Release|x86.ActiveCfg = Release|Any CPU
		{7E0B514A-DF33-4F63-8A20-1968D38E6CD5}.Release|x86.Build.0 = Release|Any CPU
		{574CA541-6651-4904-B691-484EB478DEFD}.Debug|Any CPU.ActiveCfg = Debug|Any CPU
		{574CA541-6651-4904-B691-484EB478DEFD}.Debug|Any CPU.Build.0 = Debug|Any CPU
		{574CA541-6651-4904-B691-484EB478DEFD}.Debug|x64.ActiveCfg = Debug|Any CPU
		{574CA541-6651-4904-B691-484EB478DEFD}.Debug|x64.Build.0 = Debug|Any CPU
		{574CA541-6651-4904-B691-484EB478DEFD}.Debug|x86.ActiveCfg = Debug|Any CPU
		{574CA541-6651-4904-B691-484EB478DEFD}.Debug|x86.Build.0 = Debug|Any CPU
		{574CA541-6651-4904-B691-484EB478DEFD}.Release|Any CPU.ActiveCfg = Release|Any CPU
		{574CA541-6651-4904-B691-484EB478DEFD}.Release|Any CPU.Build.0 = Release|Any CPU
		{574CA541-6651-4904-B691-484EB478DEFD}.Release|x64.ActiveCfg = Release|Any CPU
		{574CA541-6651-4904-B691-484EB478DEFD}.Release|x64.Build.0 = Release|Any CPU
		{574CA541-6651-4904-B691-484EB478DEFD}.Release|x86.ActiveCfg = Release|Any CPU
		{574CA541-6651-4904-B691-484EB478DEFD}.Release|x86.Build.0 = Release|Any CPU
		{62731D9F-D042-4CCA-A360-C75527C0A4B9}.Debug|Any CPU.ActiveCfg = Debug|Any CPU
		{62731D9F-D042-4CCA-A360-C75527C0A4B9}.Debug|Any CPU.Build.0 = Debug|Any CPU
		{62731D9F-D042-4CCA-A360-C75527C0A4B9}.Debug|x64.ActiveCfg = Debug|Any CPU
		{62731D9F-D042-4CCA-A360-C75527C0A4B9}.Debug|x64.Build.0 = Debug|Any CPU
		{62731D9F-D042-4CCA-A360-C75527C0A4B9}.Debug|x86.ActiveCfg = Debug|Any CPU
		{62731D9F-D042-4CCA-A360-C75527C0A4B9}.Debug|x86.Build.0 = Debug|Any CPU
		{62731D9F-D042-4CCA-A360-C75527C0A4B9}.Release|Any CPU.ActiveCfg = Release|Any CPU
		{62731D9F-D042-4CCA-A360-C75527C0A4B9}.Release|Any CPU.Build.0 = Release|Any CPU
		{62731D9F-D042-4CCA-A360-C75527C0A4B9}.Release|x64.ActiveCfg = Release|Any CPU
		{62731D9F-D042-4CCA-A360-C75527C0A4B9}.Release|x64.Build.0 = Release|Any CPU
		{62731D9F-D042-4CCA-A360-C75527C0A4B9}.Release|x86.ActiveCfg = Release|Any CPU
		{62731D9F-D042-4CCA-A360-C75527C0A4B9}.Release|x86.Build.0 = Release|Any CPU
		{5B0DF455-B9EC-4FC7-A535-2E214F6DD774}.Debug|Any CPU.ActiveCfg = Debug|Any CPU
		{5B0DF455-B9EC-4FC7-A535-2E214F6DD774}.Debug|Any CPU.Build.0 = Debug|Any CPU
		{5B0DF455-B9EC-4FC7-A535-2E214F6DD774}.Debug|x64.ActiveCfg = Debug|Any CPU
		{5B0DF455-B9EC-4FC7-A535-2E214F6DD774}.Debug|x64.Build.0 = Debug|Any CPU
		{5B0DF455-B9EC-4FC7-A535-2E214F6DD774}.Debug|x86.ActiveCfg = Debug|Any CPU
		{5B0DF455-B9EC-4FC7-A535-2E214F6DD774}.Debug|x86.Build.0 = Debug|Any CPU
		{5B0DF455-B9EC-4FC7-A535-2E214F6DD774}.Release|Any CPU.ActiveCfg = Release|Any CPU
		{5B0DF455-B9EC-4FC7-A535-2E214F6DD774}.Release|Any CPU.Build.0 = Release|Any CPU
		{5B0DF455-B9EC-4FC7-A535-2E214F6DD774}.Release|x64.ActiveCfg = Release|Any CPU
		{5B0DF455-B9EC-4FC7-A535-2E214F6DD774}.Release|x64.Build.0 = Release|Any CPU
		{5B0DF455-B9EC-4FC7-A535-2E214F6DD774}.Release|x86.ActiveCfg = Release|Any CPU
		{5B0DF455-B9EC-4FC7-A535-2E214F6DD774}.Release|x86.Build.0 = Release|Any CPU
		{8D843038-E276-41C4-A0A8-1C9D71765A35}.Debug|Any CPU.ActiveCfg = Debug|Any CPU
		{8D843038-E276-41C4-A0A8-1C9D71765A35}.Debug|Any CPU.Build.0 = Debug|Any CPU
		{8D843038-E276-41C4-A0A8-1C9D71765A35}.Debug|x64.ActiveCfg = Debug|Any CPU
		{8D843038-E276-41C4-A0A8-1C9D71765A35}.Debug|x64.Build.0 = Debug|Any CPU
		{8D843038-E276-41C4-A0A8-1C9D71765A35}.Debug|x86.ActiveCfg = Debug|Any CPU
		{8D843038-E276-41C4-A0A8-1C9D71765A35}.Debug|x86.Build.0 = Debug|Any CPU
		{8D843038-E276-41C4-A0A8-1C9D71765A35}.Release|Any CPU.ActiveCfg = Release|Any CPU
		{8D843038-E276-41C4-A0A8-1C9D71765A35}.Release|Any CPU.Build.0 = Release|Any CPU
		{8D843038-E276-41C4-A0A8-1C9D71765A35}.Release|x64.ActiveCfg = Release|Any CPU
		{8D843038-E276-41C4-A0A8-1C9D71765A35}.Release|x64.Build.0 = Release|Any CPU
		{8D843038-E276-41C4-A0A8-1C9D71765A35}.Release|x86.ActiveCfg = Release|Any CPU
		{8D843038-E276-41C4-A0A8-1C9D71765A35}.Release|x86.Build.0 = Release|Any CPU
		{3628DD95-44FE-42F9-BEFB-BBFECE16B17D}.Debug|Any CPU.ActiveCfg = Debug|Any CPU
		{3628DD95-44FE-42F9-BEFB-BBFECE16B17D}.Debug|Any CPU.Build.0 = Debug|Any CPU
		{3628DD95-44FE-42F9-BEFB-BBFECE16B17D}.Debug|x64.ActiveCfg = Debug|Any CPU
		{3628DD95-44FE-42F9-BEFB-BBFECE16B17D}.Debug|x64.Build.0 = Debug|Any CPU
		{3628DD95-44FE-42F9-BEFB-BBFECE16B17D}.Debug|x86.ActiveCfg = Debug|Any CPU
		{3628DD95-44FE-42F9-BEFB-BBFECE16B17D}.Debug|x86.Build.0 = Debug|Any CPU
		{3628DD95-44FE-42F9-BEFB-BBFECE16B17D}.Release|Any CPU.ActiveCfg = Release|Any CPU
		{3628DD95-44FE-42F9-BEFB-BBFECE16B17D}.Release|Any CPU.Build.0 = Release|Any CPU
		{3628DD95-44FE-42F9-BEFB-BBFECE16B17D}.Release|x64.ActiveCfg = Release|Any CPU
		{3628DD95-44FE-42F9-BEFB-BBFECE16B17D}.Release|x64.Build.0 = Release|Any CPU
		{3628DD95-44FE-42F9-BEFB-BBFECE16B17D}.Release|x86.ActiveCfg = Release|Any CPU
		{3628DD95-44FE-42F9-BEFB-BBFECE16B17D}.Release|x86.Build.0 = Release|Any CPU
		{3FC71F01-135C-43FE-AF7D-9BA8F67A6B0E}.Debug|Any CPU.ActiveCfg = Debug|Any CPU
		{3FC71F01-135C-43FE-AF7D-9BA8F67A6B0E}.Debug|Any CPU.Build.0 = Debug|Any CPU
		{3FC71F01-135C-43FE-AF7D-9BA8F67A6B0E}.Debug|x64.ActiveCfg = Debug|Any CPU
		{3FC71F01-135C-43FE-AF7D-9BA8F67A6B0E}.Debug|x64.Build.0 = Debug|Any CPU
		{3FC71F01-135C-43FE-AF7D-9BA8F67A6B0E}.Debug|x86.ActiveCfg = Debug|Any CPU
		{3FC71F01-135C-43FE-AF7D-9BA8F67A6B0E}.Debug|x86.Build.0 = Debug|Any CPU
		{3FC71F01-135C-43FE-AF7D-9BA8F67A6B0E}.Release|Any CPU.ActiveCfg = Release|Any CPU
		{3FC71F01-135C-43FE-AF7D-9BA8F67A6B0E}.Release|Any CPU.Build.0 = Release|Any CPU
		{3FC71F01-135C-43FE-AF7D-9BA8F67A6B0E}.Release|x64.ActiveCfg = Release|Any CPU
		{3FC71F01-135C-43FE-AF7D-9BA8F67A6B0E}.Release|x64.Build.0 = Release|Any CPU
		{3FC71F01-135C-43FE-AF7D-9BA8F67A6B0E}.Release|x86.ActiveCfg = Release|Any CPU
		{3FC71F01-135C-43FE-AF7D-9BA8F67A6B0E}.Release|x86.Build.0 = Release|Any CPU
		{4D1FECCA-CD8B-4CA5-A5E5-A44048B4F658}.Debug|Any CPU.ActiveCfg = Debug|Any CPU
		{4D1FECCA-CD8B-4CA5-A5E5-A44048B4F658}.Debug|Any CPU.Build.0 = Debug|Any CPU
		{4D1FECCA-CD8B-4CA5-A5E5-A44048B4F658}.Debug|x64.ActiveCfg = Debug|Any CPU
		{4D1FECCA-CD8B-4CA5-A5E5-A44048B4F658}.Debug|x64.Build.0 = Debug|Any CPU
		{4D1FECCA-CD8B-4CA5-A5E5-A44048B4F658}.Debug|x86.ActiveCfg = Debug|Any CPU
		{4D1FECCA-CD8B-4CA5-A5E5-A44048B4F658}.Debug|x86.Build.0 = Debug|Any CPU
		{4D1FECCA-CD8B-4CA5-A5E5-A44048B4F658}.Release|Any CPU.ActiveCfg = Release|Any CPU
		{4D1FECCA-CD8B-4CA5-A5E5-A44048B4F658}.Release|Any CPU.Build.0 = Release|Any CPU
		{4D1FECCA-CD8B-4CA5-A5E5-A44048B4F658}.Release|x64.ActiveCfg = Release|Any CPU
		{4D1FECCA-CD8B-4CA5-A5E5-A44048B4F658}.Release|x64.Build.0 = Release|Any CPU
		{4D1FECCA-CD8B-4CA5-A5E5-A44048B4F658}.Release|x86.ActiveCfg = Release|Any CPU
		{4D1FECCA-CD8B-4CA5-A5E5-A44048B4F658}.Release|x86.Build.0 = Release|Any CPU
		{4838E037-13A4-459D-B5D1-ADC3E8F3A3ED}.Debug|Any CPU.ActiveCfg = Debug|Any CPU
		{4838E037-13A4-459D-B5D1-ADC3E8F3A3ED}.Debug|Any CPU.Build.0 = Debug|Any CPU
		{4838E037-13A4-459D-B5D1-ADC3E8F3A3ED}.Debug|x64.ActiveCfg = Debug|Any CPU
		{4838E037-13A4-459D-B5D1-ADC3E8F3A3ED}.Debug|x64.Build.0 = Debug|Any CPU
		{4838E037-13A4-459D-B5D1-ADC3E8F3A3ED}.Debug|x86.ActiveCfg = Debug|Any CPU
		{4838E037-13A4-459D-B5D1-ADC3E8F3A3ED}.Debug|x86.Build.0 = Debug|Any CPU
		{4838E037-13A4-459D-B5D1-ADC3E8F3A3ED}.Release|Any CPU.ActiveCfg = Release|Any CPU
		{4838E037-13A4-459D-B5D1-ADC3E8F3A3ED}.Release|Any CPU.Build.0 = Release|Any CPU
		{4838E037-13A4-459D-B5D1-ADC3E8F3A3ED}.Release|x64.ActiveCfg = Release|Any CPU
		{4838E037-13A4-459D-B5D1-ADC3E8F3A3ED}.Release|x64.Build.0 = Release|Any CPU
		{4838E037-13A4-459D-B5D1-ADC3E8F3A3ED}.Release|x86.ActiveCfg = Release|Any CPU
		{4838E037-13A4-459D-B5D1-ADC3E8F3A3ED}.Release|x86.Build.0 = Release|Any CPU
	EndGlobalSection
	GlobalSection(SolutionProperties) = preSolution
		HideSolutionNode = FALSE
	EndGlobalSection
	GlobalSection(NestedProjects) = preSolution
		{62731D9F-D042-4CCA-A360-C75527C0A4B9} = {25F6F9E9-B27E-4F42-8CD5-1208AC56F3A8}
		{5B0DF455-B9EC-4FC7-A535-2E214F6DD774} = {25F6F9E9-B27E-4F42-8CD5-1208AC56F3A8}
		{8D843038-E276-41C4-A0A8-1C9D71765A35} = {25F6F9E9-B27E-4F42-8CD5-1208AC56F3A8}
		{3628DD95-44FE-42F9-BEFB-BBFECE16B17D} = {25F6F9E9-B27E-4F42-8CD5-1208AC56F3A8}
		{3FC71F01-135C-43FE-AF7D-9BA8F67A6B0E} = {25F6F9E9-B27E-4F42-8CD5-1208AC56F3A8}
		{4D1FECCA-CD8B-4CA5-A5E5-A44048B4F658} = {25F6F9E9-B27E-4F42-8CD5-1208AC56F3A8}
		{4838E037-13A4-459D-B5D1-ADC3E8F3A3ED} = {25F6F9E9-B27E-4F42-8CD5-1208AC56F3A8}
	EndGlobalSection
	GlobalSection(ExtensibilityGlobals) = postSolution
		SolutionGuid = {E5952296-0DDF-4304-B135-1AD974BEC5B4}
	EndGlobalSection
EndGlobal
